
Microsoft Visual Studio Solution File, Format Version 12.00
# Visual Studio Version 16
VisualStudioVersion = 16.0.32428.217
MinimumVisualStudioVersion = 10.0.40219.1
Project("{FAE04EC0-301F-11D3-BF4B-00C04F79EFBC}") = "02_Console", "02_Console\02_Console.csproj", "{EFB42CCD-8024-4322-BD60-4F8F6AF94919}"
EndProject
Project("{9A19103F-16F7-4668-BE54-9A1E7A4F7556}") = "02_Console_Training", "02_Console_Training\02_Console_Training.csproj", "{B54B36FC-83A1-4246-86FF-7942A349D48B}"
EndProject
Global
	GlobalSection(SolutionConfigurationPlatforms) = preSolution
		Debug|Any CPU = Debug|Any CPU
		Release|Any CPU = Release|Any CPU
	EndGlobalSection
	GlobalSection(ProjectConfigurationPlatforms) = postSolution
		{EFB42CCD-8024-4322-BD60-4F8F6AF94919}.Debug|Any CPU.ActiveCfg = Debug|Any CPU
		{EFB42CCD-8024-4322-BD60-4F8F6AF94919}.Debug|Any CPU.Build.0 = Debug|Any CPU
		{EFB42CCD-8024-4322-BD60-4F8F6AF94919}.Release|Any CPU.ActiveCfg = Release|Any CPU
		{EFB42CCD-8024-4322-BD60-4F8F6AF94919}.Release|Any CPU.Build.0 = Release|Any CPU
		{B54B36FC-83A1-4246-86FF-7942A349D48B}.Debug|Any CPU.ActiveCfg = Debug|Any CPU
		{B54B36FC-83A1-4246-86FF-7942A349D48B}.Debug|Any CPU.Build.0 = Debug|Any CPU
		{B54B36FC-83A1-4246-86FF-7942A349D48B}.Release|Any CPU.ActiveCfg = Release|Any CPU
		{B54B36FC-83A1-4246-86FF-7942A349D48B}.Release|Any CPU.Build.0 = Release|Any CPU
	EndGlobalSection
	GlobalSection(SolutionProperties) = preSolution
		HideSolutionNode = FALSE
	EndGlobalSection
	GlobalSection(ExtensibilityGlobals) = postSolution
		SolutionGuid = {8C316E73-4AC2-48DC-88CF-714CDD85CB19}
	EndGlobalSection
EndGlobal
